
Microsoft Visual Studio Solution File, Format Version 12.00
# Visual Studio Express 2012 for Web
Project("{FAE04EC0-301F-11D3-BF4B-00C04F79EFBC}") = "ReadImages", "ReadImages\ReadImages.csproj", "{F807B066-6F8E-4084-B055-695C76A54ADE}"
EndProject
Global
	GlobalSection(SolutionConfigurationPlatforms) = preSolution
		Debug|Any CPU = Debug|Any CPU
		Release|Any CPU = Release|Any CPU
	EndGlobalSection
	GlobalSection(ProjectConfigurationPlatforms) = postSolution
		{F807B066-6F8E-4084-B055-695C76A54ADE}.Debug|Any CPU.ActiveCfg = Debug|Any CPU
		{F807B066-6F8E-4084-B055-695C76A54ADE}.Debug|Any CPU.Build.0 = Debug|Any CPU
		{F807B066-6F8E-4084-B055-695C76A54ADE}.Release|Any CPU.ActiveCfg = Release|Any CPU
		{F807B066-6F8E-4084-B055-695C76A54ADE}.Release|Any CPU.Build.0 = Release|Any CPU
	EndGlobalSection
	GlobalSection(SolutionProperties) = preSolution
		HideSolutionNode = FALSE
	EndGlobalSection
EndGlobal
